// !$*UTF8*$!
{
	archiveVersion = 1;
	classes = {
	};
	objectVersion = 50;
	objects = {

/* Begin PBXBuildFile section */
		4F9A28B120BCD0FC0092D4B2 /* AppDelegate.swift in Sources */ = {isa = PBXBuildFile; fileRef = 4F9A28B020BCD0FC0092D4B2 /* AppDelegate.swift */; };
		4F9A28B320BCD0FC0092D4B2 /* ViewController.swift in Sources */ = {isa = PBXBuildFile; fileRef = 4F9A28B220BCD0FC0092D4B2 /* ViewController.swift */; };
		4F9A28B620BCD0FC0092D4B2 /* Main.storyboard in Resources */ = {isa = PBXBuildFile; fileRef = 4F9A28B420BCD0FC0092D4B2 /* Main.storyboard */; };
		4F9A28B820BCD1040092D4B2 /* Assets.xcassets in Resources */ = {isa = PBXBuildFile; fileRef = 4F9A28B720BCD1040092D4B2 /* Assets.xcassets */; };
		4F9A28BB20BCD1040092D4B2 /* LaunchScreen.storyboard in Resources */ = {isa = PBXBuildFile; fileRef = 4F9A28B920BCD1040092D4B2 /* LaunchScreen.storyboard */; };
		4F9A28C720BCDB700092D4B2 /* RoadViewController.swift in Sources */ = {isa = PBXBuildFile; fileRef = 4F9A28C620BCDB700092D4B2 /* RoadViewController.swift */; };
		4FF22B6620C612FC00E50294 /* RoadViewControllerExtenstion.swift in Sources */ = {isa = PBXBuildFile; fileRef = 4FF22B6520C612FC00E50294 /* RoadViewControllerExtenstion.swift */; };
		4FF22B6820C6134200E50294 /* Road.swift in Sources */ = {isa = PBXBuildFile; fileRef = 4FF22B6720C6134200E50294 /* Road.swift */; };
		4FF22B6A20C6140300E50294 /* RoadCell.swift in Sources */ = {isa = PBXBuildFile; fileRef = 4FF22B6920C6140300E50294 /* RoadCell.swift */; };
		4FF22B6C20C61D4100E50294 /* ViewControllerExtension.swift in Sources */ = {isa = PBXBuildFile; fileRef = 4FF22B6B20C61D4100E50294 /* ViewControllerExtension.swift */; };
/* End PBXBuildFile section */

/* Begin PBXFileReference section */
		4F9A28AD20BCD0FC0092D4B2 /* Lab6iOS.app */ = {isa = PBXFileReference; explicitFileType = wrapper.application; includeInIndex = 0; path = Lab6iOS.app; sourceTree = BUILT_PRODUCTS_DIR; };
		4F9A28B020BCD0FC0092D4B2 /* AppDelegate.swift */ = {isa = PBXFileReference; lastKnownFileType = sourcecode.swift; path = AppDelegate.swift; sourceTree = "<group>"; };
		4F9A28B220BCD0FC0092D4B2 /* ViewController.swift */ = {isa = PBXFileReference; lastKnownFileType = sourcecode.swift; path = ViewController.swift; sourceTree = "<group>"; };
		4F9A28B520BCD0FC0092D4B2 /* Base */ = {isa = PBXFileReference; lastKnownFileType = file.storyboard; name = Base; path = Base.lproj/Main.storyboard; sourceTree = "<group>"; };
		4F9A28B720BCD1040092D4B2 /* Assets.xcassets */ = {isa = PBXFileReference; lastKnownFileType = folder.assetcatalog; path = Assets.xcassets; sourceTree = "<group>"; };
		4F9A28BA20BCD1040092D4B2 /* Base */ = {isa = PBXFileReference; lastKnownFileType = file.storyboard; name = Base; path = Base.lproj/LaunchScreen.storyboard; sourceTree = "<group>"; };
		4F9A28BC20BCD1040092D4B2 /* Info.plist */ = {isa = PBXFileReference; lastKnownFileType = text.plist.xml; path = Info.plist; sourceTree = "<group>"; };
		4F9A28C620BCDB700092D4B2 /* RoadViewController.swift */ = {isa = PBXFileReference; lastKnownFileType = sourcecode.swift; path = RoadViewController.swift; sourceTree = "<group>"; };
		4FF22B6520C612FC00E50294 /* RoadViewControllerExtenstion.swift */ = {isa = PBXFileReference; lastKnownFileType = sourcecode.swift; path = RoadViewControllerExtenstion.swift; sourceTree = "<group>"; };
		4FF22B6720C6134200E50294 /* Road.swift */ = {isa = PBXFileReference; lastKnownFileType = sourcecode.swift; path = Road.swift; sourceTree = "<group>"; };
		4FF22B6920C6140300E50294 /* RoadCell.swift */ = {isa = PBXFileReference; lastKnownFileType = sourcecode.swift; path = RoadCell.swift; sourceTree = "<group>"; };
		4FF22B6B20C61D4100E50294 /* ViewControllerExtension.swift */ = {isa = PBXFileReference; lastKnownFileType = sourcecode.swift; path = ViewControllerExtension.swift; sourceTree = "<group>"; };
/* End PBXFileReference section */

/* Begin PBXFrameworksBuildPhase section */
		4F9A28AA20BCD0FC0092D4B2 /* Frameworks */ = {
			isa = PBXFrameworksBuildPhase;
			buildActionMask = 2147483647;
			files = (
			);
			runOnlyForDeploymentPostprocessing = 0;
		};
/* End PBXFrameworksBuildPhase section */

/* Begin PBXGroup section */
		4F9A28A420BCD0FB0092D4B2 = {
			isa = PBXGroup;
			children = (
				4F9A28AF20BCD0FC0092D4B2 /* Lab6iOS */,
				4F9A28AE20BCD0FC0092D4B2 /* Products */,
			);
			sourceTree = "<group>";
		};
		4F9A28AE20BCD0FC0092D4B2 /* Products */ = {
			isa = PBXGroup;
			children = (
				4F9A28AD20BCD0FC0092D4B2 /* Lab6iOS.app */,
			);
			name = Products;
			sourceTree = "<group>";
		};
		4F9A28AF20BCD0FC0092D4B2 /* Lab6iOS */ = {
			isa = PBXGroup;
			children = (
				4F9A28B020BCD0FC0092D4B2 /* AppDelegate.swift */,
				4F9A28B220BCD0FC0092D4B2 /* ViewController.swift */,
				4F9A28B420BCD0FC0092D4B2 /* Main.storyboard */,
				4F9A28B720BCD1040092D4B2 /* Assets.xcassets */,
				4F9A28B920BCD1040092D4B2 /* LaunchScreen.storyboard */,
				4F9A28BC20BCD1040092D4B2 /* Info.plist */,
				4F9A28C620BCDB700092D4B2 /* RoadViewController.swift */,
				4FF22B6520C612FC00E50294 /* RoadViewControllerExtenstion.swift */,
				4FF22B6720C6134200E50294 /* Road.swift */,
				4FF22B6920C6140300E50294 /* RoadCell.swift */,
				4FF22B6B20C61D4100E50294 /* ViewControllerExtension.swift */,
			);
			path = Lab6iOS;
			sourceTree = "<group>";
		};
/* End PBXGroup section */

/* Begin PBXNativeTarget section */
		4F9A28AC20BCD0FC0092D4B2 /* Lab6iOS */ = {
			isa = PBXNativeTarget;
			buildConfigurationList = 4F9A28BF20BCD1040092D4B2 /* Build configuration list for PBXNativeTarget "Lab6iOS" */;
			buildPhases = (
				4F9A28A920BCD0FC0092D4B2 /* Sources */,
				4F9A28AA20BCD0FC0092D4B2 /* Frameworks */,
				4F9A28AB20BCD0FC0092D4B2 /* Resources */,
			);
			buildRules = (
			);
			dependencies = (
			);
			name = Lab6iOS;
			productName = Lab6iOS;
			productReference = 4F9A28AD20BCD0FC0092D4B2 /* Lab6iOS.app */;
			productType = "com.apple.product-type.application";
		};
/* End PBXNativeTarget section */

/* Begin PBXProject section */
		4F9A28A520BCD0FB0092D4B2 /* Project object */ = {
			isa = PBXProject;
			attributes = {
				LastSwiftUpdateCheck = 0930;
				LastUpgradeCheck = 0930;
				ORGANIZATIONNAME = "Marek Kozłowski";
				TargetAttributes = {
					4F9A28AC20BCD0FC0092D4B2 = {
						CreatedOnToolsVersion = 9.3.1;
						ProvisioningStyle = Automatic;
					};
				};
			};
			buildConfigurationList = 4F9A28A820BCD0FB0092D4B2 /* Build configuration list for PBXProject "Lab6iOS" */;
			compatibilityVersion = "Xcode 9.3";
			developmentRegion = en;
			hasScannedForEncodings = 0;
			knownRegions = (
				en,
				Base,
			);
			mainGroup = 4F9A28A420BCD0FB0092D4B2;
			productRefGroup = 4F9A28AE20BCD0FC0092D4B2 /* Products */;
			projectDirPath = "";
			projectRoot = "";
			targets = (
				4F9A28AC20BCD0FC0092D4B2 /* Lab6iOS */,
			);
		};
/* End PBXProject section */

/* Begin PBXResourcesBuildPhase section */
		4F9A28AB20BCD0FC0092D4B2 /* Resources */ = {
			isa = PBXResourcesBuildPhase;
			buildActionMask = 2147483647;
			files = (
				4F9A28BB20BCD1040092D4B2 /* LaunchScreen.storyboard in Resources */,
				4F9A28B820BCD1040092D4B2 /* Assets.xcassets in Resources */,
				4F9A28B620BCD0FC0092D4B2 /* Main.storyboard in Resources */,
			);
			runOnlyForDeploymentPostprocessing = 0;
		};
/* End PBXResourcesBuildPhase section */

/* Begin PBXSourcesBuildPhase section */
		4F9A28A920BCD0FC0092D4B2 /* Sources */ = {
			isa = PBXSourcesBuildPhase;
			buildActionMask = 2147483647;
			files = (
				4FF22B6620C612FC00E50294 /* RoadViewControllerExtenstion.swift in Sources */,
				4FF22B6A20C6140300E50294 /* RoadCell.swift in Sources */,
				4F9A28C720BCDB700092D4B2 /* RoadViewController.swift in Sources */,
				4F9A28B320BCD0FC0092D4B2 /* ViewController.swift in Sources */,
				4FF22B6C20C61D4100E50294 /* ViewControllerExtension.swift in Sources */,
				4FF22B6820C6134200E50294 /* Road.swift in Sources */,
				4F9A28B120BCD0FC0092D4B2 /* AppDelegate.swift in Sources */,
			);
			runOnlyForDeploymentPostprocessing = 0;
		};
/* End PBXSourcesBuildPhase section */

/* Begin PBXVariantGroup section */
		4F9A28B420BCD0FC0092D4B2 /* Main.storyboard */ = {
			isa = PBXVariantGroup;
			children = (
				4F9A28B520BCD0FC0092D4B2 /* Base */,
			);
			name = Main.storyboard;
			sourceTree = "<group>";
		};
		4F9A28B920BCD1040092D4B2 /* LaunchScreen.storyboard */ = {
			isa = PBXVariantGroup;
			children = (
				4F9A28BA20BCD1040092D4B2 /* Base */,
			);
			name = LaunchScreen.storyboard;
			sourceTree = "<group>";
		};
/* End PBXVariantGroup section */

/* Begin XCBuildConfiguration section */
		4F9A28BD20BCD1040092D4B2 /* Debug */ = {
			isa = XCBuildConfiguration;
			buildSettings = {
				ALWAYS_SEARCH_USER_PATHS = NO;
				CLANG_ANALYZER_NONNULL = YES;
				CLANG_ANALYZER_NUMBER_OBJECT_CONVERSION = YES_AGGRESSIVE;
				CLANG_CXX_LANGUAGE_STANDARD = "gnu++14";
				CLANG_CXX_LIBRARY = "libc++";
				CLANG_ENABLE_MODULES = YES;
				CLANG_ENABLE_OBJC_ARC = YES;
				CLANG_ENABLE_OBJC_WEAK = YES;
				CLANG_WARN_BLOCK_CAPTURE_AUTORELEASING = YES;
				CLANG_WARN_BOOL_CONVERSION = YES;
				CLANG_WARN_COMMA = YES;
				CLANG_WARN_CONSTANT_CONVERSION = YES;
				CLANG_WARN_DEPRECATED_OBJC_IMPLEMENTATIONS = YES;
				CLANG_WARN_DIRECT_OBJC_ISA_USAGE = YES_ERROR;
				CLANG_WARN_DOCUMENTATION_COMMENTS = YES;
				CLANG_WARN_EMPTY_BODY = YES;
				CLANG_WARN_ENUM_CONVERSION = YES;
				CLANG_WARN_INFINITE_RECURSION = YES;
				CLANG_WARN_INT_CONVERSION = YES;
				CLANG_WARN_NON_LITERAL_NULL_CONVERSION = YES;
				CLANG_WARN_OBJC_IMPLICIT_RETAIN_SELF = YES;
				CLANG_WARN_OBJC_LITERAL_CONVERSION = YES;
				CLANG_WARN_OBJC_ROOT_CLASS = YES_ERROR;
				CLANG_WARN_RANGE_LOOP_ANALYSIS = YES;
				CLANG_WARN_STRICT_PROTOTYPES = YES;
				CLANG_WARN_SUSPICIOUS_MOVE = YES;
				CLANG_WARN_UNGUARDED_AVAILABILITY = YES_AGGRESSIVE;
				CLANG_WARN_UNREACHABLE_CODE = YES;
				CLANG_WARN__DUPLICATE_METHOD_MATCH = YES;
				CODE_SIGN_IDENTITY = "iPhone Developer";
				COPY_PHASE_STRIP = NO;
				DEBUG_INFORMATION_FORMAT = dwarf;
				ENABLE_STRICT_OBJC_MSGSEND = YES;
				ENABLE_TESTABILITY = YES;
				GCC_C_LANGUAGE_STANDARD = gnu11;
				GCC_DYNAMIC_NO_PIC = NO;
				GCC_NO_COMMON_BLOCKS = YES;
				GCC_OPTIMIZATION_LEVEL = 0;
				GCC_PREPROCESSOR_DEFINITIONS = (
					"DEBUG=1",
					"$(inherited)",
				);
				GCC_WARN_64_TO_32_BIT_CONVERSION = YES;
				GCC_WARN_ABOUT_RETURN_TYPE = YES_ERROR;
				GCC_WARN_UNDECLARED_SELECTOR = YES;
				GCC_WARN_UNINITIALIZED_AUTOS = YES_AGGRESSIVE;
				GCC_WARN_UNUSED_FUNCTION = YES;
				GCC_WARN_UNUSED_VARIABLE = YES;
				IPHONEOS_DEPLOYMENT_TARGET = 11.3;
				MTL_ENABLE_DEBUG_INFO = YES;
				ONLY_ACTIVE_ARCH = YES;
				SDKROOT = iphoneos;
				SWIFT_ACTIVE_COMPILATION_CONDITIONS = DEBUG;
				SWIFT_COMPILATION_MODE = singlefile;
				SWIFT_OPTIMIZATION_LEVEL = "-Onone";
			};
			name = Debug;
		};
		4F9A28BE20BCD1040092D4B2 /* Release */ = {
			isa = XCBuildConfiguration;
			buildSettings = {
				ALWAYS_SEARCH_USER_PATHS = NO;
				CLANG_ANALYZER_NONNULL = YES;
				CLANG_ANALYZER_NUMBER_OBJECT_CONVERSION = YES_AGGRESSIVE;
				CLANG_CXX_LANGUAGE_STANDARD = "gnu++14";
				CLANG_CXX_LIBRARY = "libc++";
				CLANG_ENABLE_MODULES = YES;
				CLANG_ENABLE_OBJC_ARC = YES;
				CLANG_ENABLE_OBJC_WEAK = YES;
				CLANG_WARN_BLOCK_CAPTURE_AUTORELEASING = YES;
				CLANG_WARN_BOOL_CONVERSION = YES;
				CLANG_WARN_COMMA = YES;
				CLANG_WARN_CONSTANT_CONVERSION = YES;
				CLANG_WARN_DEPRECATED_OBJC_IMPLEMENTATIONS = YES;
				CLANG_WARN_DIRECT_OBJC_ISA_USAGE = YES_ERROR;
				CLANG_WARN_DOCUMENTATION_COMMENTS = YES;
				CLANG_WARN_EMPTY_BODY = YES;
				CLANG_WARN_ENUM_CONVERSION = YES;
				CLANG_WARN_INFINITE_RECURSION = YES;
				CLANG_WARN_INT_CONVERSION = YES;
				CLANG_WARN_NON_LITERAL_NULL_CONVERSION = YES;
				CLANG_WARN_OBJC_IMPLICIT_RETAIN_SELF = YES;
				CLANG_WARN_OBJC_LITERAL_CONVERSION = YES;
				CLANG_WARN_OBJC_ROOT_CLASS = YES_ERROR;
				CLANG_WARN_RANGE_LOOP_ANALYSIS = YES;
				CLANG_WARN_STRICT_PROTOTYPES = YES;
				CLANG_WARN_SUSPICIOUS_MOVE = YES;
				CLANG_WARN_UNGUARDED_AVAILABILITY = YES_AGGRESSIVE;
				CLANG_WARN_UNREACHABLE_CODE = YES;
				CLANG_WARN__DUPLICATE_METHOD_MATCH = YES;
				CODE_SIGN_IDENTITY = "iPhone Developer";
				COPY_PHASE_STRIP = NO;
				DEBUG_INFORMATION_FORMAT = "dwarf-with-dsym";
				ENABLE_NS_ASSERTIONS = NO;
				ENABLE_STRICT_OBJC_MSGSEND = YES;
				GCC_C_LANGUAGE_STANDARD = gnu11;
				GCC_NO_COMMON_BLOCKS = YES;
				GCC_WARN_64_TO_32_BIT_CONVERSION = YES;
				GCC_WARN_ABOUT_RETURN_TYPE = YES_ERROR;
				GCC_WARN_UNDECLARED_SELECTOR = YES;
				GCC_WARN_UNINITIALIZED_AUTOS = YES_AGGRESSIVE;
				GCC_WARN_UNUSED_FUNCTION = YES;
				GCC_WARN_UNUSED_VARIABLE = YES;
				IPHONEOS_DEPLOYMENT_TARGET = 11.3;
				MTL_ENABLE_DEBUG_INFO = NO;
				SDKROOT = iphoneos;
				SWIFT_COMPILATION_MODE = wholemodule;
				SWIFT_OPTIMIZATION_LEVEL = "-O";
				VALIDATE_PRODUCT = YES;
			};
			name = Release;
		};
		4F9A28C020BCD1040092D4B2 /* Debug */ = {
			isa = XCBuildConfiguration;
			buildSettings = {
				ASSETCATALOG_COMPILER_APPICON_NAME = AppIcon;
				CODE_SIGN_STYLE = Automatic;
				DEVELOPMENT_TEAM = N94AFLJG9D;
				INFOPLIST_FILE = Lab6iOS/Info.plist;
				IPHONEOS_DEPLOYMENT_TARGET = 11.3;
				LD_RUNPATH_SEARCH_PATHS = (
					"$(inherited)",
					"@executable_path/Frameworks",
				);
				PRODUCT_BUNDLE_IDENTIFIER = "-.Lab6iOS";
				PRODUCT_NAME = "$(TARGET_NAME)";
				SWIFT_VERSION = 4.0;
				TARGETED_DEVICE_FAMILY = "1,2";
			};
			name = Debug;
		};
		4F9A28C120BCD1040092D4B2 /* Release */ = {
			isa = XCBuildConfiguration;
			buildSettings = {
				ASSETCATALOG_COMPILER_APPICON_NAME = AppIcon;
				CODE_SIGN_STYLE = Automatic;
				DEVELOPMENT_TEAM = N94AFLJG9D;
				INFOPLIST_FILE = Lab6iOS/Info.plist;
				IPHONEOS_DEPLOYMENT_TARGET = 11.3;
				LD_RUNPATH_SEARCH_PATHS = (
					"$(inherited)",
					"@executable_path/Frameworks",
				);
				PRODUCT_BUNDLE_IDENTIFIER = "-.Lab6iOS";
				PRODUCT_NAME = "$(TARGET_NAME)";
				SWIFT_VERSION = 4.0;
				TARGETED_DEVICE_FAMILY = "1,2";
			};
			name = Release;
		};
/* End XCBuildConfiguration section */

/* Begin XCConfigurationList section */
		4F9A28A820BCD0FB0092D4B2 /* Build configuration list for PBXProject "Lab6iOS" */ = {
			isa = XCConfigurationList;
			buildConfigurations = (
				4F9A28BD20BCD1040092D4B2 /* Debug */,
				4F9A28BE20BCD1040092D4B2 /* Release */,
			);
			defaultConfigurationIsVisible = 0;
			defaultConfigurationName = Release;
		};
		4F9A28BF20BCD1040092D4B2 /* Build configuration list for PBXNativeTarget "Lab6iOS" */ = {
			isa = XCConfigurationList;
			buildConfigurations = (
				4F9A28C020BCD1040092D4B2 /* Debug */,
				4F9A28C120BCD1040092D4B2 /* Release */,
			);
			defaultConfigurationIsVisible = 0;
			defaultConfigurationName = Release;
		};
/* End XCConfigurationList section */
	};
	rootObject = 4F9A28A520BCD0FB0092D4B2 /* Project object */;
}
